
Microsoft Visual Studio Solution File, Format Version 12.00
# Visual Studio Version 16
VisualStudioVersion = 16.0.31005.135
MinimumVisualStudioVersion = 10.0.40219.1
Project("{FAE04EC0-301F-11D3-BF4B-00C04F79EFBC}") = "TPR-4x4x4-Solver-NET", "TPR-4x4x4-Solver-NET\TPR-4x4x4-Solver-NET.csproj", "{A8B1AB7D-D551-44CD-85B1-212DF37B0221}"
EndProject
Project("{FAE04EC0-301F-11D3-BF4B-00C04F79EFBC}") = "cs.threephase", "cs.threephase\cs.threephase.csproj", "{284EB5B8-7E4C-437C-8CC5-FE0D84817B28}"
EndProject
Project("{9A19103F-16F7-4668-BE54-9A1E7A4F7556}") = "cs.min2phase", "..\min2phaseNET\min2phaseNET\cs.min2phase\cs.min2phase.csproj", "{20E65B4F-6696-4632-AAC5-AF8177186DB8}"
EndProject
Global
	GlobalSection(SolutionConfigurationPlatforms) = preSolution
		Debug|Any CPU = Debug|Any CPU
		Release|Any CPU = Release|Any CPU
	EndGlobalSection
	GlobalSection(ProjectConfigurationPlatforms) = postSolution
		{A8B1AB7D-D551-44CD-85B1-212DF37B0221}.Debug|Any CPU.ActiveCfg = Debug|Any CPU
		{A8B1AB7D-D551-44CD-85B1-212DF37B0221}.Debug|Any CPU.Build.0 = Debug|Any CPU
		{A8B1AB7D-D551-44CD-85B1-212DF37B0221}.Release|Any CPU.ActiveCfg = Release|Any CPU
		{A8B1AB7D-D551-44CD-85B1-212DF37B0221}.Release|Any CPU.Build.0 = Release|Any CPU
		{284EB5B8-7E4C-437C-8CC5-FE0D84817B28}.Debug|Any CPU.ActiveCfg = Debug|Any CPU
		{284EB5B8-7E4C-437C-8CC5-FE0D84817B28}.Debug|Any CPU.Build.0 = Debug|Any CPU
		{284EB5B8-7E4C-437C-8CC5-FE0D84817B28}.Release|Any CPU.ActiveCfg = Release|Any CPU
		{284EB5B8-7E4C-437C-8CC5-FE0D84817B28}.Release|Any CPU.Build.0 = Release|Any CPU
		{20E65B4F-6696-4632-AAC5-AF8177186DB8}.Debug|Any CPU.ActiveCfg = Debug|Any CPU
		{20E65B4F-6696-4632-AAC5-AF8177186DB8}.Debug|Any CPU.Build.0 = Debug|Any CPU
		{20E65B4F-6696-4632-AAC5-AF8177186DB8}.Release|Any CPU.ActiveCfg = Release|Any CPU
		{20E65B4F-6696-4632-AAC5-AF8177186DB8}.Release|Any CPU.Build.0 = Release|Any CPU
	EndGlobalSection
	GlobalSection(SolutionProperties) = preSolution
		HideSolutionNode = FALSE
	EndGlobalSection
	GlobalSection(ExtensibilityGlobals) = postSolution
		SolutionGuid = {D43E5067-2D05-4D06-BE5A-47159B317FF6}
	EndGlobalSection
EndGlobal
